# THIS IS AN AUTOGENERATED FILE. DO NOT EDIT THIS FILE DIRECTLY.
# yarn lockfile v1


hika@^1.1.5:
  version "1.1.5"
  resolved "https://registry.yarnpkg.com/hika/-/hika-1.1.5.tgz#e39e4dacd3ae06d7a0b234a9abd9ec127109137b"
  integrity sha512-42FrwxvBDfkb0uczA/mvUY1hDzeKujRY1nQjlCN/zxQTtPgUbATF1KbMSZyJDldEQymJv2IpptR6oAYAq0Gm4A==
